// !$*UTF8*$!
{
	archiveVersion = 1;
	classes = {
	};
	objectVersion = 46;
	objects = {

/* Begin PBXBuildFile section */
		CB2272741C168D3C002B9A70 /* AppDelegate.swift in Sources */ = {isa = PBXBuildFile; fileRef = CB2272731C168D3C002B9A70 /* AppDelegate.swift */; };
		CB2272761C168D3C002B9A70 /* ViewController.swift in Sources */ = {isa = PBXBuildFile; fileRef = CB2272751C168D3C002B9A70 /* ViewController.swift */; };
		CB2272791C168D3C002B9A70 /* Main.storyboard in Resources */ = {isa = PBXBuildFile; fileRef = CB2272771C168D3C002B9A70 /* Main.storyboard */; };
		CB22727B1C168D3C002B9A70 /* Assets.xcassets in Resources */ = {isa = PBXBuildFile; fileRef = CB22727A1C168D3C002B9A70 /* Assets.xcassets */; };
		CB22727E1C168D3C002B9A70 /* LaunchScreen.storyboard in Resources */ = {isa = PBXBuildFile; fileRef = CB22727C1C168D3C002B9A70 /* LaunchScreen.storyboard */; };
		CB2272861C168DE0002B9A70 /* gadget_0020_cyberman_0020_radio.jpg in Resources */ = {isa = PBXBuildFile; fileRef = CB2272851C168DE0002B9A70 /* gadget_0020_cyberman_0020_radio.jpg */; };
		CB2272881C168E4C002B9A70 /* 3d-printed-dalek-from-the-tv-show-doctor-who-1.jpg in Resources */ = {isa = PBXBuildFile; fileRef = CB2272871C168E4C002B9A70 /* 3d-printed-dalek-from-the-tv-show-doctor-who-1.jpg */; };
		CB22728D1C168F7D002B9A70 /* Clockwork_Robot.jpg in Resources */ = {isa = PBXBuildFile; fileRef = CB2272891C168F7D002B9A70 /* Clockwork_Robot.jpg */; };
		CB22728E1C168F7D002B9A70 /* d7f519462470eb4d1cfda894046c0017.jpg in Resources */ = {isa = PBXBuildFile; fileRef = CB22728A1C168F7D002B9A70 /* d7f519462470eb4d1cfda894046c0017.jpg */; };
		CB22728F1C168F7D002B9A70 /* ed66_exclusive_doctor_who_k9_figure.jpg in Resources */ = {isa = PBXBuildFile; fileRef = CB22728B1C168F7D002B9A70 /* ed66_exclusive_doctor_who_k9_figure.jpg */; };
		CB2272901C168F7D002B9A70 /* ff608d298fab7451d8fbfedefe0f92df.jpg in Resources */ = {isa = PBXBuildFile; fileRef = CB22728C1C168F7D002B9A70 /* ff608d298fab7451d8fbfedefe0f92df.jpg */; };
/* End PBXBuildFile section */

/* Begin PBXFileReference section */
		CB2272701C168D3C002B9A70 /* Robot.app */ = {isa = PBXFileReference; explicitFileType = wrapper.application; includeInIndex = 0; path = Robot.app; sourceTree = BUILT_PRODUCTS_DIR; };
		CB2272731C168D3C002B9A70 /* AppDelegate.swift */ = {isa = PBXFileReference; lastKnownFileType = sourcecode.swift; path = AppDelegate.swift; sourceTree = "<group>"; };
		CB2272751C168D3C002B9A70 /* ViewController.swift */ = {isa = PBXFileReference; lastKnownFileType = sourcecode.swift; path = ViewController.swift; sourceTree = "<group>"; };
		CB2272781C168D3C002B9A70 /* Base */ = {isa = PBXFileReference; lastKnownFileType = file.storyboard; name = Base; path = Base.lproj/Main.storyboard; sourceTree = "<group>"; };
		CB22727A1C168D3C002B9A70 /* Assets.xcassets */ = {isa = PBXFileReference; lastKnownFileType = folder.assetcatalog; path = Assets.xcassets; sourceTree = "<group>"; };
		CB22727D1C168D3C002B9A70 /* Base */ = {isa = PBXFileReference; lastKnownFileType = file.storyboard; name = Base; path = Base.lproj/LaunchScreen.storyboard; sourceTree = "<group>"; };
		CB22727F1C168D3C002B9A70 /* Info.plist */ = {isa = PBXFileReference; lastKnownFileType = text.plist.xml; path = Info.plist; sourceTree = "<group>"; };
		CB2272851C168DE0002B9A70 /* gadget_0020_cyberman_0020_radio.jpg */ = {isa = PBXFileReference; lastKnownFileType = image.jpeg; path = gadget_0020_cyberman_0020_radio.jpg; sourceTree = "<group>"; };
		CB2272871C168E4C002B9A70 /* 3d-printed-dalek-from-the-tv-show-doctor-who-1.jpg */ = {isa = PBXFileReference; lastKnownFileType = image.jpeg; path = "3d-printed-dalek-from-the-tv-show-doctor-who-1.jpg"; sourceTree = "<group>"; };
		CB2272891C168F7D002B9A70 /* Clockwork_Robot.jpg */ = {isa = PBXFileReference; lastKnownFileType = image.jpeg; path = Clockwork_Robot.jpg; sourceTree = "<group>"; };
		CB22728A1C168F7D002B9A70 /* d7f519462470eb4d1cfda894046c0017.jpg */ = {isa = PBXFileReference; lastKnownFileType = image.jpeg; path = d7f519462470eb4d1cfda894046c0017.jpg; sourceTree = "<group>"; };
		CB22728B1C168F7D002B9A70 /* ed66_exclusive_doctor_who_k9_figure.jpg */ = {isa = PBXFileReference; lastKnownFileType = image.jpeg; path = ed66_exclusive_doctor_who_k9_figure.jpg; sourceTree = "<group>"; };
		CB22728C1C168F7D002B9A70 /* ff608d298fab7451d8fbfedefe0f92df.jpg */ = {isa = PBXFileReference; lastKnownFileType = image.jpeg; path = ff608d298fab7451d8fbfedefe0f92df.jpg; sourceTree = "<group>"; };
/* End PBXFileReference section */

/* Begin PBXFrameworksBuildPhase section */
		CB22726D1C168D3C002B9A70 /* Frameworks */ = {
			isa = PBXFrameworksBuildPhase;
			buildActionMask = 2147483647;
			files = (
			);
			runOnlyForDeploymentPostprocessing = 0;
		};
/* End PBXFrameworksBuildPhase section */

/* Begin PBXGroup section */
		CB2272671C168D3C002B9A70 = {
			isa = PBXGroup;
			children = (
				CB2272721C168D3C002B9A70 /* Robot */,
				CB2272711C168D3C002B9A70 /* Products */,
			);
			sourceTree = "<group>";
		};
		CB2272711C168D3C002B9A70 /* Products */ = {
			isa = PBXGroup;
			children = (
				CB2272701C168D3C002B9A70 /* Robot.app */,
			);
			name = Products;
			sourceTree = "<group>";
		};
		CB2272721C168D3C002B9A70 /* Robot */ = {
			isa = PBXGroup;
			children = (
				CB2272731C168D3C002B9A70 /* AppDelegate.swift */,
				CB2272751C168D3C002B9A70 /* ViewController.swift */,
				CB2272771C168D3C002B9A70 /* Main.storyboard */,
				CB22727A1C168D3C002B9A70 /* Assets.xcassets */,
				CB2272891C168F7D002B9A70 /* Clockwork_Robot.jpg */,
				CB22728A1C168F7D002B9A70 /* d7f519462470eb4d1cfda894046c0017.jpg */,
				CB22728B1C168F7D002B9A70 /* ed66_exclusive_doctor_who_k9_figure.jpg */,
				CB22728C1C168F7D002B9A70 /* ff608d298fab7451d8fbfedefe0f92df.jpg */,
				CB2272871C168E4C002B9A70 /* 3d-printed-dalek-from-the-tv-show-doctor-who-1.jpg */,
				CB2272851C168DE0002B9A70 /* gadget_0020_cyberman_0020_radio.jpg */,
				CB22727C1C168D3C002B9A70 /* LaunchScreen.storyboard */,
				CB22727F1C168D3C002B9A70 /* Info.plist */,
			);
			path = Robot;
			sourceTree = "<group>";
		};
/* End PBXGroup section */

/* Begin PBXNativeTarget section */
		CB22726F1C168D3C002B9A70 /* Robot */ = {
			isa = PBXNativeTarget;
			buildConfigurationList = CB2272821C168D3C002B9A70 /* Build configuration list for PBXNativeTarget "Robot" */;
			buildPhases = (
				CB22726C1C168D3C002B9A70 /* Sources */,
				CB22726D1C168D3C002B9A70 /* Frameworks */,
				CB22726E1C168D3C002B9A70 /* Resources */,
			);
			buildRules = (
			);
			dependencies = (
			);
			name = Robot;
			productName = Robot;
			productReference = CB2272701C168D3C002B9A70 /* Robot.app */;
			productType = "com.apple.product-type.application";
		};
/* End PBXNativeTarget section */

/* Begin PBXProject section */
		CB2272681C168D3C002B9A70 /* Project object */ = {
			isa = PBXProject;
			attributes = {
				LastSwiftUpdateCheck = 0710;
				LastUpgradeCheck = 0710;
				ORGANIZATIONNAME = "Katie Kelleher";
				TargetAttributes = {
					CB22726F1C168D3C002B9A70 = {
						CreatedOnToolsVersion = 7.1;
						DevelopmentTeam = 99CJJ9SY9E;
					};
				};
			};
			buildConfigurationList = CB22726B1C168D3C002B9A70 /* Build configuration list for PBXProject "Robot" */;
			compatibilityVersion = "Xcode 3.2";
			developmentRegion = English;
			hasScannedForEncodings = 0;
			knownRegions = (
				en,
				Base,
			);
			mainGroup = CB2272671C168D3C002B9A70;
			productRefGroup = CB2272711C168D3C002B9A70 /* Products */;
			projectDirPath = "";
			projectRoot = "";
			targets = (
				CB22726F1C168D3C002B9A70 /* Robot */,
			);
		};
/* End PBXProject section */

/* Begin PBXResourcesBuildPhase section */
		CB22726E1C168D3C002B9A70 /* Resources */ = {
			isa = PBXResourcesBuildPhase;
			buildActionMask = 2147483647;
			files = (
				CB22727E1C168D3C002B9A70 /* LaunchScreen.storyboard in Resources */,
				CB22727B1C168D3C002B9A70 /* Assets.xcassets in Resources */,
				CB22728D1C168F7D002B9A70 /* Clockwork_Robot.jpg in Resources */,
				CB2272901C168F7D002B9A70 /* ff608d298fab7451d8fbfedefe0f92df.jpg in Resources */,
				CB2272881C168E4C002B9A70 /* 3d-printed-dalek-from-the-tv-show-doctor-who-1.jpg in Resources */,
				CB2272861C168DE0002B9A70 /* gadget_0020_cyberman_0020_radio.jpg in Resources */,
				CB22728F1C168F7D002B9A70 /* ed66_exclusive_doctor_who_k9_figure.jpg in Resources */,
				CB22728E1C168F7D002B9A70 /* d7f519462470eb4d1cfda894046c0017.jpg in Resources */,
				CB2272791C168D3C002B9A70 /* Main.storyboard in Resources */,
			);
			runOnlyForDeploymentPostprocessing = 0;
		};
/* End PBXResourcesBuildPhase section */

/* Begin PBXSourcesBuildPhase section */
		CB22726C1C168D3C002B9A70 /* Sources */ = {
			isa = PBXSourcesBuildPhase;
			buildActionMask = 2147483647;
			files = (
				CB2272761C168D3C002B9A70 /* ViewController.swift in Sources */,
				CB2272741C168D3C002B9A70 /* AppDelegate.swift in Sources */,
			);
			runOnlyForDeploymentPostprocessing = 0;
		};
/* End PBXSourcesBuildPhase section */

/* Begin PBXVariantGroup section */
		CB2272771C168D3C002B9A70 /* Main.storyboard */ = {
			isa = PBXVariantGroup;
			children = (
				CB2272781C168D3C002B9A70 /* Base */,
			);
			name = Main.storyboard;
			sourceTree = "<group>";
		};
		CB22727C1C168D3C002B9A70 /* LaunchScreen.storyboard */ = {
			isa = PBXVariantGroup;
			children = (
				CB22727D1C168D3C002B9A70 /* Base */,
			);
			name = LaunchScreen.storyboard;
			sourceTree = "<group>";
		};
/* End PBXVariantGroup section */

/* Begin XCBuildConfiguration section */
		CB2272801C168D3C002B9A70 /* Debug */ = {
			isa = XCBuildConfiguration;
			buildSettings = {
				ALWAYS_SEARCH_USER_PATHS = NO;
				CLANG_CXX_LANGUAGE_STANDARD = "gnu++0x";
				CLANG_CXX_LIBRARY = "libc++";
				CLANG_ENABLE_MODULES = YES;
				CLANG_ENABLE_OBJC_ARC = YES;
				CLANG_WARN_BOOL_CONVERSION = YES;
				CLANG_WARN_CONSTANT_CONVERSION = YES;
				CLANG_WARN_DIRECT_OBJC_ISA_USAGE = YES_ERROR;
				CLANG_WARN_EMPTY_BODY = YES;
				CLANG_WARN_ENUM_CONVERSION = YES;
				CLANG_WARN_INT_CONVERSION = YES;
				CLANG_WARN_OBJC_ROOT_CLASS = YES_ERROR;
				CLANG_WARN_UNREACHABLE_CODE = YES;
				CLANG_WARN__DUPLICATE_METHOD_MATCH = YES;
				"CODE_SIGN_IDENTITY[sdk=iphoneos*]" = "iPhone Developer";
				COPY_PHASE_STRIP = NO;
				DEBUG_INFORMATION_FORMAT = dwarf;
				ENABLE_STRICT_OBJC_MSGSEND = YES;
				ENABLE_TESTABILITY = YES;
				GCC_C_LANGUAGE_STANDARD = gnu99;
				GCC_DYNAMIC_NO_PIC = NO;
				GCC_NO_COMMON_BLOCKS = YES;
				GCC_OPTIMIZATION_LEVEL = 0;
				GCC_PREPROCESSOR_DEFINITIONS = (
					"DEBUG=1",
					"$(inherited)",
				);
				GCC_WARN_64_TO_32_BIT_CONVERSION = YES;
				GCC_WARN_ABOUT_RETURN_TYPE = YES_ERROR;
				GCC_WARN_UNDECLARED_SELECTOR = YES;
				GCC_WARN_UNINITIALIZED_AUTOS = YES_AGGRESSIVE;
				GCC_WARN_UNUSED_FUNCTION = YES;
				GCC_WARN_UNUSED_VARIABLE = YES;
				IPHONEOS_DEPLOYMENT_TARGET = 9.1;
				MTL_ENABLE_DEBUG_INFO = YES;
				ONLY_ACTIVE_ARCH = YES;
				SDKROOT = iphoneos;
				SWIFT_OPTIMIZATION_LEVEL = "-Onone";
			};
			name = Debug;
		};
		CB2272811C168D3C002B9A70 /* Release */ = {
			isa = XCBuildConfiguration;
			buildSettings = {
				ALWAYS_SEARCH_USER_PATHS = NO;
				CLANG_CXX_LANGUAGE_STANDARD = "gnu++0x";
				CLANG_CXX_LIBRARY = "libc++";
				CLANG_ENABLE_MODULES = YES;
				CLANG_ENABLE_OBJC_ARC = YES;
				CLANG_WARN_BOOL_CONVERSION = YES;
				CLANG_WARN_CONSTANT_CONVERSION = YES;
				CLANG_WARN_DIRECT_OBJC_ISA_USAGE = YES_ERROR;
				CLANG_WARN_EMPTY_BODY = YES;
				CLANG_WARN_ENUM_CONVERSION = YES;
				CLANG_WARN_INT_CONVERSION = YES;
				CLANG_WARN_OBJC_ROOT_CLASS = YES_ERROR;
				CLANG_WARN_UNREACHABLE_CODE = YES;
				CLANG_WARN__DUPLICATE_METHOD_MATCH = YES;
				"CODE_SIGN_IDENTITY[sdk=iphoneos*]" = "iPhone Developer";
				COPY_PHASE_STRIP = NO;
				DEBUG_INFORMATION_FORMAT = "dwarf-with-dsym";
				ENABLE_NS_ASSERTIONS = NO;
				ENABLE_STRICT_OBJC_MSGSEND = YES;
				GCC_C_LANGUAGE_STANDARD = gnu99;
				GCC_NO_COMMON_BLOCKS = YES;
				GCC_WARN_64_TO_32_BIT_CONVERSION = YES;
				GCC_WARN_ABOUT_RETURN_TYPE = YES_ERROR;
				GCC_WARN_UNDECLARED_SELECTOR = YES;
				GCC_WARN_UNINITIALIZED_AUTOS = YES_AGGRESSIVE;
				GCC_WARN_UNUSED_FUNCTION = YES;
				GCC_WARN_UNUSED_VARIABLE = YES;
				IPHONEOS_DEPLOYMENT_TARGET = 9.1;
				MTL_ENABLE_DEBUG_INFO = NO;
				SDKROOT = iphoneos;
				VALIDATE_PRODUCT = YES;
			};
			name = Release;
		};
		CB2272831C168D3C002B9A70 /* Debug */ = {
			isa = XCBuildConfiguration;
			buildSettings = {
				ASSETCATALOG_COMPILER_APPICON_NAME = AppIcon;
				INFOPLIST_FILE = Robot/Info.plist;
				LD_RUNPATH_SEARCH_PATHS = "$(inherited) @executable_path/Frameworks";
				PRODUCT_BUNDLE_IDENTIFIER = rocks.kelleher.Robot;
				PRODUCT_NAME = "$(TARGET_NAME)";
			};
			name = Debug;
		};
		CB2272841C168D3C002B9A70 /* Release */ = {
			isa = XCBuildConfiguration;
			buildSettings = {
				ASSETCATALOG_COMPILER_APPICON_NAME = AppIcon;
				INFOPLIST_FILE = Robot/Info.plist;
				LD_RUNPATH_SEARCH_PATHS = "$(inherited) @executable_path/Frameworks";
				PRODUCT_BUNDLE_IDENTIFIER = rocks.kelleher.Robot;
				PRODUCT_NAME = "$(TARGET_NAME)";
			};
			name = Release;
		};
/* End XCBuildConfiguration section */

/* Begin XCConfigurationList section */
		CB22726B1C168D3C002B9A70 /* Build configuration list for PBXProject "Robot" */ = {
			isa = XCConfigurationList;
			buildConfigurations = (
				CB2272801C168D3C002B9A70 /* Debug */,
				CB2272811C168D3C002B9A70 /* Release */,
			);
			defaultConfigurationIsVisible = 0;
			defaultConfigurationName = Release;
		};
		CB2272821C168D3C002B9A70 /* Build configuration list for PBXNativeTarget "Robot" */ = {
			isa = XCConfigurationList;
			buildConfigurations = (
				CB2272831C168D3C002B9A70 /* Debug */,
				CB2272841C168D3C002B9A70 /* Release */,
			);
			defaultConfigurationIsVisible = 0;
		};
/* End XCConfigurationList section */
	};
	rootObject = CB2272681C168D3C002B9A70 /* Project object */;
}
