// !$*UTF8*$!
{
	archiveVersion = 1;
	classes = {
	};
	objectVersion = 46;
	objects = {

/* Begin PBXBuildFile section */
		CB03D7C41C1FCB2C0077B9DB /* AppDelegate.swift in Sources */ = {isa = PBXBuildFile; fileRef = CB03D7C31C1FCB2C0077B9DB /* AppDelegate.swift */; };
		CB03D7C61C1FCB2C0077B9DB /* ViewController.swift in Sources */ = {isa = PBXBuildFile; fileRef = CB03D7C51C1FCB2C0077B9DB /* ViewController.swift */; };
		CB03D7C91C1FCB2C0077B9DB /* Main.storyboard in Resources */ = {isa = PBXBuildFile; fileRef = CB03D7C71C1FCB2C0077B9DB /* Main.storyboard */; };
		CB03D7CB1C1FCB2C0077B9DB /* Assets.xcassets in Resources */ = {isa = PBXBuildFile; fileRef = CB03D7CA1C1FCB2C0077B9DB /* Assets.xcassets */; };
		CB03D7CE1C1FCB2C0077B9DB /* LaunchScreen.storyboard in Resources */ = {isa = PBXBuildFile; fileRef = CB03D7CC1C1FCB2C0077B9DB /* LaunchScreen.storyboard */; };
		CB03D7D61C1FCB6B0077B9DB /* VFLViewController.swift in Sources */ = {isa = PBXBuildFile; fileRef = CB03D7D51C1FCB6B0077B9DB /* VFLViewController.swift */; };
/* End PBXBuildFile section */

/* Begin PBXFileReference section */
		CB03D7C01C1FCB2C0077B9DB /* VFLInAction.app */ = {isa = PBXFileReference; explicitFileType = wrapper.application; includeInIndex = 0; path = VFLInAction.app; sourceTree = BUILT_PRODUCTS_DIR; };
		CB03D7C31C1FCB2C0077B9DB /* AppDelegate.swift */ = {isa = PBXFileReference; lastKnownFileType = sourcecode.swift; path = AppDelegate.swift; sourceTree = "<group>"; };
		CB03D7C51C1FCB2C0077B9DB /* ViewController.swift */ = {isa = PBXFileReference; lastKnownFileType = sourcecode.swift; path = ViewController.swift; sourceTree = "<group>"; };
		CB03D7C81C1FCB2C0077B9DB /* Base */ = {isa = PBXFileReference; lastKnownFileType = file.storyboard; name = Base; path = Base.lproj/Main.storyboard; sourceTree = "<group>"; };
		CB03D7CA1C1FCB2C0077B9DB /* Assets.xcassets */ = {isa = PBXFileReference; lastKnownFileType = folder.assetcatalog; path = Assets.xcassets; sourceTree = "<group>"; };
		CB03D7CD1C1FCB2C0077B9DB /* Base */ = {isa = PBXFileReference; lastKnownFileType = file.storyboard; name = Base; path = Base.lproj/LaunchScreen.storyboard; sourceTree = "<group>"; };
		CB03D7CF1C1FCB2C0077B9DB /* Info.plist */ = {isa = PBXFileReference; lastKnownFileType = text.plist.xml; path = Info.plist; sourceTree = "<group>"; };
		CB03D7D51C1FCB6B0077B9DB /* VFLViewController.swift */ = {isa = PBXFileReference; fileEncoding = 4; lastKnownFileType = sourcecode.swift; path = VFLViewController.swift; sourceTree = "<group>"; };
/* End PBXFileReference section */

/* Begin PBXFrameworksBuildPhase section */
		CB03D7BD1C1FCB2C0077B9DB /* Frameworks */ = {
			isa = PBXFrameworksBuildPhase;
			buildActionMask = 2147483647;
			files = (
			);
			runOnlyForDeploymentPostprocessing = 0;
		};
/* End PBXFrameworksBuildPhase section */

/* Begin PBXGroup section */
		CB03D7B71C1FCB2C0077B9DB = {
			isa = PBXGroup;
			children = (
				CB03D7C21C1FCB2C0077B9DB /* VFLInAction */,
				CB03D7C11C1FCB2C0077B9DB /* Products */,
			);
			sourceTree = "<group>";
		};
		CB03D7C11C1FCB2C0077B9DB /* Products */ = {
			isa = PBXGroup;
			children = (
				CB03D7C01C1FCB2C0077B9DB /* VFLInAction.app */,
			);
			name = Products;
			sourceTree = "<group>";
		};
		CB03D7C21C1FCB2C0077B9DB /* VFLInAction */ = {
			isa = PBXGroup;
			children = (
				CB03D7C31C1FCB2C0077B9DB /* AppDelegate.swift */,
				CB03D7C51C1FCB2C0077B9DB /* ViewController.swift */,
				CB03D7C71C1FCB2C0077B9DB /* Main.storyboard */,
				CB03D7D51C1FCB6B0077B9DB /* VFLViewController.swift */,
				CB03D7CA1C1FCB2C0077B9DB /* Assets.xcassets */,
				CB03D7CC1C1FCB2C0077B9DB /* LaunchScreen.storyboard */,
				CB03D7CF1C1FCB2C0077B9DB /* Info.plist */,
			);
			path = VFLInAction;
			sourceTree = "<group>";
		};
/* End PBXGroup section */

/* Begin PBXNativeTarget section */
		CB03D7BF1C1FCB2C0077B9DB /* VFLInAction */ = {
			isa = PBXNativeTarget;
			buildConfigurationList = CB03D7D21C1FCB2C0077B9DB /* Build configuration list for PBXNativeTarget "VFLInAction" */;
			buildPhases = (
				CB03D7BC1C1FCB2C0077B9DB /* Sources */,
				CB03D7BD1C1FCB2C0077B9DB /* Frameworks */,
				CB03D7BE1C1FCB2C0077B9DB /* Resources */,
			);
			buildRules = (
			);
			dependencies = (
			);
			name = VFLInAction;
			productName = VFLInAction;
			productReference = CB03D7C01C1FCB2C0077B9DB /* VFLInAction.app */;
			productType = "com.apple.product-type.application";
		};
/* End PBXNativeTarget section */

/* Begin PBXProject section */
		CB03D7B81C1FCB2C0077B9DB /* Project object */ = {
			isa = PBXProject;
			attributes = {
				LastSwiftUpdateCheck = 0710;
				LastUpgradeCheck = 0710;
				ORGANIZATIONNAME = "Katie Kelleher";
				TargetAttributes = {
					CB03D7BF1C1FCB2C0077B9DB = {
						CreatedOnToolsVersion = 7.1;
						DevelopmentTeam = 99CJJ9SY9E;
					};
				};
			};
			buildConfigurationList = CB03D7BB1C1FCB2C0077B9DB /* Build configuration list for PBXProject "VFLInAction" */;
			compatibilityVersion = "Xcode 3.2";
			developmentRegion = English;
			hasScannedForEncodings = 0;
			knownRegions = (
				en,
				Base,
			);
			mainGroup = CB03D7B71C1FCB2C0077B9DB;
			productRefGroup = CB03D7C11C1FCB2C0077B9DB /* Products */;
			projectDirPath = "";
			projectRoot = "";
			targets = (
				CB03D7BF1C1FCB2C0077B9DB /* VFLInAction */,
			);
		};
/* End PBXProject section */

/* Begin PBXResourcesBuildPhase section */
		CB03D7BE1C1FCB2C0077B9DB /* Resources */ = {
			isa = PBXResourcesBuildPhase;
			buildActionMask = 2147483647;
			files = (
				CB03D7CE1C1FCB2C0077B9DB /* LaunchScreen.storyboard in Resources */,
				CB03D7CB1C1FCB2C0077B9DB /* Assets.xcassets in Resources */,
				CB03D7C91C1FCB2C0077B9DB /* Main.storyboard in Resources */,
			);
			runOnlyForDeploymentPostprocessing = 0;
		};
/* End PBXResourcesBuildPhase section */

/* Begin PBXSourcesBuildPhase section */
		CB03D7BC1C1FCB2C0077B9DB /* Sources */ = {
			isa = PBXSourcesBuildPhase;
			buildActionMask = 2147483647;
			files = (
				CB03D7C61C1FCB2C0077B9DB /* ViewController.swift in Sources */,
				CB03D7C41C1FCB2C0077B9DB /* AppDelegate.swift in Sources */,
				CB03D7D61C1FCB6B0077B9DB /* VFLViewController.swift in Sources */,
			);
			runOnlyForDeploymentPostprocessing = 0;
		};
/* End PBXSourcesBuildPhase section */

/* Begin PBXVariantGroup section */
		CB03D7C71C1FCB2C0077B9DB /* Main.storyboard */ = {
			isa = PBXVariantGroup;
			children = (
				CB03D7C81C1FCB2C0077B9DB /* Base */,
			);
			name = Main.storyboard;
			sourceTree = "<group>";
		};
		CB03D7CC1C1FCB2C0077B9DB /* LaunchScreen.storyboard */ = {
			isa = PBXVariantGroup;
			children = (
				CB03D7CD1C1FCB2C0077B9DB /* Base */,
			);
			name = LaunchScreen.storyboard;
			sourceTree = "<group>";
		};
/* End PBXVariantGroup section */

/* Begin XCBuildConfiguration section */
		CB03D7D01C1FCB2C0077B9DB /* Debug */ = {
			isa = XCBuildConfiguration;
			buildSettings = {
				ALWAYS_SEARCH_USER_PATHS = NO;
				CLANG_CXX_LANGUAGE_STANDARD = "gnu++0x";
				CLANG_CXX_LIBRARY = "libc++";
				CLANG_ENABLE_MODULES = YES;
				CLANG_ENABLE_OBJC_ARC = YES;
				CLANG_WARN_BOOL_CONVERSION = YES;
				CLANG_WARN_CONSTANT_CONVERSION = YES;
				CLANG_WARN_DIRECT_OBJC_ISA_USAGE = YES_ERROR;
				CLANG_WARN_EMPTY_BODY = YES;
				CLANG_WARN_ENUM_CONVERSION = YES;
				CLANG_WARN_INT_CONVERSION = YES;
				CLANG_WARN_OBJC_ROOT_CLASS = YES_ERROR;
				CLANG_WARN_UNREACHABLE_CODE = YES;
				CLANG_WARN__DUPLICATE_METHOD_MATCH = YES;
				"CODE_SIGN_IDENTITY[sdk=iphoneos*]" = "iPhone Developer";
				COPY_PHASE_STRIP = NO;
				DEBUG_INFORMATION_FORMAT = dwarf;
				ENABLE_STRICT_OBJC_MSGSEND = YES;
				ENABLE_TESTABILITY = YES;
				GCC_C_LANGUAGE_STANDARD = gnu99;
				GCC_DYNAMIC_NO_PIC = NO;
				GCC_NO_COMMON_BLOCKS = YES;
				GCC_OPTIMIZATION_LEVEL = 0;
				GCC_PREPROCESSOR_DEFINITIONS = (
					"DEBUG=1",
					"$(inherited)",
				);
				GCC_WARN_64_TO_32_BIT_CONVERSION = YES;
				GCC_WARN_ABOUT_RETURN_TYPE = YES_ERROR;
				GCC_WARN_UNDECLARED_SELECTOR = YES;
				GCC_WARN_UNINITIALIZED_AUTOS = YES_AGGRESSIVE;
				GCC_WARN_UNUSED_FUNCTION = YES;
				GCC_WARN_UNUSED_VARIABLE = YES;
				IPHONEOS_DEPLOYMENT_TARGET = 9.1;
				MTL_ENABLE_DEBUG_INFO = YES;
				ONLY_ACTIVE_ARCH = YES;
				SDKROOT = iphoneos;
				SWIFT_OPTIMIZATION_LEVEL = "-Onone";
			};
			name = Debug;
		};
		CB03D7D11C1FCB2C0077B9DB /* Release */ = {
			isa = XCBuildConfiguration;
			buildSettings = {
				ALWAYS_SEARCH_USER_PATHS = NO;
				CLANG_CXX_LANGUAGE_STANDARD = "gnu++0x";
				CLANG_CXX_LIBRARY = "libc++";
				CLANG_ENABLE_MODULES = YES;
				CLANG_ENABLE_OBJC_ARC = YES;
				CLANG_WARN_BOOL_CONVERSION = YES;
				CLANG_WARN_CONSTANT_CONVERSION = YES;
				CLANG_WARN_DIRECT_OBJC_ISA_USAGE = YES_ERROR;
				CLANG_WARN_EMPTY_BODY = YES;
				CLANG_WARN_ENUM_CONVERSION = YES;
				CLANG_WARN_INT_CONVERSION = YES;
				CLANG_WARN_OBJC_ROOT_CLASS = YES_ERROR;
				CLANG_WARN_UNREACHABLE_CODE = YES;
				CLANG_WARN__DUPLICATE_METHOD_MATCH = YES;
				"CODE_SIGN_IDENTITY[sdk=iphoneos*]" = "iPhone Developer";
				COPY_PHASE_STRIP = NO;
				DEBUG_INFORMATION_FORMAT = "dwarf-with-dsym";
				ENABLE_NS_ASSERTIONS = NO;
				ENABLE_STRICT_OBJC_MSGSEND = YES;
				GCC_C_LANGUAGE_STANDARD = gnu99;
				GCC_NO_COMMON_BLOCKS = YES;
				GCC_WARN_64_TO_32_BIT_CONVERSION = YES;
				GCC_WARN_ABOUT_RETURN_TYPE = YES_ERROR;
				GCC_WARN_UNDECLARED_SELECTOR = YES;
				GCC_WARN_UNINITIALIZED_AUTOS = YES_AGGRESSIVE;
				GCC_WARN_UNUSED_FUNCTION = YES;
				GCC_WARN_UNUSED_VARIABLE = YES;
				IPHONEOS_DEPLOYMENT_TARGET = 9.1;
				MTL_ENABLE_DEBUG_INFO = NO;
				SDKROOT = iphoneos;
				VALIDATE_PRODUCT = YES;
			};
			name = Release;
		};
		CB03D7D31C1FCB2C0077B9DB /* Debug */ = {
			isa = XCBuildConfiguration;
			buildSettings = {
				ASSETCATALOG_COMPILER_APPICON_NAME = AppIcon;
				INFOPLIST_FILE = VFLInAction/Info.plist;
				LD_RUNPATH_SEARCH_PATHS = "$(inherited) @executable_path/Frameworks";
				PRODUCT_BUNDLE_IDENTIFIER = rocks.kelleher.VFLInAction;
				PRODUCT_NAME = "$(TARGET_NAME)";
			};
			name = Debug;
		};
		CB03D7D41C1FCB2C0077B9DB /* Release */ = {
			isa = XCBuildConfiguration;
			buildSettings = {
				ASSETCATALOG_COMPILER_APPICON_NAME = AppIcon;
				INFOPLIST_FILE = VFLInAction/Info.plist;
				LD_RUNPATH_SEARCH_PATHS = "$(inherited) @executable_path/Frameworks";
				PRODUCT_BUNDLE_IDENTIFIER = rocks.kelleher.VFLInAction;
				PRODUCT_NAME = "$(TARGET_NAME)";
			};
			name = Release;
		};
/* End XCBuildConfiguration section */

/* Begin XCConfigurationList section */
		CB03D7BB1C1FCB2C0077B9DB /* Build configuration list for PBXProject "VFLInAction" */ = {
			isa = XCConfigurationList;
			buildConfigurations = (
				CB03D7D01C1FCB2C0077B9DB /* Debug */,
				CB03D7D11C1FCB2C0077B9DB /* Release */,
			);
			defaultConfigurationIsVisible = 0;
			defaultConfigurationName = Release;
		};
		CB03D7D21C1FCB2C0077B9DB /* Build configuration list for PBXNativeTarget "VFLInAction" */ = {
			isa = XCConfigurationList;
			buildConfigurations = (
				CB03D7D31C1FCB2C0077B9DB /* Debug */,
				CB03D7D41C1FCB2C0077B9DB /* Release */,
			);
			defaultConfigurationIsVisible = 0;
		};
/* End XCConfigurationList section */
	};
	rootObject = CB03D7B81C1FCB2C0077B9DB /* Project object */;
}
