// !$*UTF8*$!
{
	archiveVersion = 1;
	classes = {
	};
	objectVersion = 46;
	objects = {

/* Begin PBXBuildFile section */
		CBA9EF591C042D3800B4C0A5 /* AppDelegate.swift in Sources */ = {isa = PBXBuildFile; fileRef = CBA9EF581C042D3800B4C0A5 /* AppDelegate.swift */; };
		CBA9EF5B1C042D3800B4C0A5 /* ViewController.swift in Sources */ = {isa = PBXBuildFile; fileRef = CBA9EF5A1C042D3800B4C0A5 /* ViewController.swift */; };
		CBA9EF5E1C042D3800B4C0A5 /* Main.storyboard in Resources */ = {isa = PBXBuildFile; fileRef = CBA9EF5C1C042D3800B4C0A5 /* Main.storyboard */; };
		CBA9EF601C042D3800B4C0A5 /* Assets.xcassets in Resources */ = {isa = PBXBuildFile; fileRef = CBA9EF5F1C042D3800B4C0A5 /* Assets.xcassets */; };
		CBA9EF631C042D3800B4C0A5 /* LaunchScreen.storyboard in Resources */ = {isa = PBXBuildFile; fileRef = CBA9EF611C042D3800B4C0A5 /* LaunchScreen.storyboard */; };
		CBA9EF6B1C042D7B00B4C0A5 /* RedTableViewController.swift in Sources */ = {isa = PBXBuildFile; fileRef = CBA9EF6A1C042D7B00B4C0A5 /* RedTableViewController.swift */; };
		CBA9EF6D1C042D8900B4C0A5 /* GreenViewController.swift in Sources */ = {isa = PBXBuildFile; fileRef = CBA9EF6C1C042D8900B4C0A5 /* GreenViewController.swift */; };
/* End PBXBuildFile section */

/* Begin PBXFileReference section */
		CBA9EF551C042D3800B4C0A5 /* DataAndSegues.app */ = {isa = PBXFileReference; explicitFileType = wrapper.application; includeInIndex = 0; path = DataAndSegues.app; sourceTree = BUILT_PRODUCTS_DIR; };
		CBA9EF581C042D3800B4C0A5 /* AppDelegate.swift */ = {isa = PBXFileReference; lastKnownFileType = sourcecode.swift; path = AppDelegate.swift; sourceTree = "<group>"; };
		CBA9EF5A1C042D3800B4C0A5 /* ViewController.swift */ = {isa = PBXFileReference; lastKnownFileType = sourcecode.swift; path = ViewController.swift; sourceTree = "<group>"; };
		CBA9EF5D1C042D3800B4C0A5 /* Base */ = {isa = PBXFileReference; lastKnownFileType = file.storyboard; name = Base; path = Base.lproj/Main.storyboard; sourceTree = "<group>"; };
		CBA9EF5F1C042D3800B4C0A5 /* Assets.xcassets */ = {isa = PBXFileReference; lastKnownFileType = folder.assetcatalog; path = Assets.xcassets; sourceTree = "<group>"; };
		CBA9EF621C042D3800B4C0A5 /* Base */ = {isa = PBXFileReference; lastKnownFileType = file.storyboard; name = Base; path = Base.lproj/LaunchScreen.storyboard; sourceTree = "<group>"; };
		CBA9EF641C042D3800B4C0A5 /* Info.plist */ = {isa = PBXFileReference; lastKnownFileType = text.plist.xml; path = Info.plist; sourceTree = "<group>"; };
		CBA9EF6A1C042D7B00B4C0A5 /* RedTableViewController.swift */ = {isa = PBXFileReference; fileEncoding = 4; lastKnownFileType = sourcecode.swift; path = RedTableViewController.swift; sourceTree = "<group>"; };
		CBA9EF6C1C042D8900B4C0A5 /* GreenViewController.swift */ = {isa = PBXFileReference; fileEncoding = 4; lastKnownFileType = sourcecode.swift; path = GreenViewController.swift; sourceTree = "<group>"; };
/* End PBXFileReference section */

/* Begin PBXFrameworksBuildPhase section */
		CBA9EF521C042D3800B4C0A5 /* Frameworks */ = {
			isa = PBXFrameworksBuildPhase;
			buildActionMask = 2147483647;
			files = (
			);
			runOnlyForDeploymentPostprocessing = 0;
		};
/* End PBXFrameworksBuildPhase section */

/* Begin PBXGroup section */
		CBA9EF4C1C042D3800B4C0A5 = {
			isa = PBXGroup;
			children = (
				CBA9EF571C042D3800B4C0A5 /* DataAndSegues */,
				CBA9EF561C042D3800B4C0A5 /* Products */,
			);
			sourceTree = "<group>";
		};
		CBA9EF561C042D3800B4C0A5 /* Products */ = {
			isa = PBXGroup;
			children = (
				CBA9EF551C042D3800B4C0A5 /* DataAndSegues.app */,
			);
			name = Products;
			sourceTree = "<group>";
		};
		CBA9EF571C042D3800B4C0A5 /* DataAndSegues */ = {
			isa = PBXGroup;
			children = (
				CBA9EF581C042D3800B4C0A5 /* AppDelegate.swift */,
				CBA9EF5A1C042D3800B4C0A5 /* ViewController.swift */,
				CBA9EF5C1C042D3800B4C0A5 /* Main.storyboard */,
				CBA9EF6A1C042D7B00B4C0A5 /* RedTableViewController.swift */,
				CBA9EF6C1C042D8900B4C0A5 /* GreenViewController.swift */,
				CBA9EF5F1C042D3800B4C0A5 /* Assets.xcassets */,
				CBA9EF611C042D3800B4C0A5 /* LaunchScreen.storyboard */,
				CBA9EF641C042D3800B4C0A5 /* Info.plist */,
			);
			path = DataAndSegues;
			sourceTree = "<group>";
		};
/* End PBXGroup section */

/* Begin PBXNativeTarget section */
		CBA9EF541C042D3800B4C0A5 /* DataAndSegues */ = {
			isa = PBXNativeTarget;
			buildConfigurationList = CBA9EF671C042D3800B4C0A5 /* Build configuration list for PBXNativeTarget "DataAndSegues" */;
			buildPhases = (
				CBA9EF511C042D3800B4C0A5 /* Sources */,
				CBA9EF521C042D3800B4C0A5 /* Frameworks */,
				CBA9EF531C042D3800B4C0A5 /* Resources */,
			);
			buildRules = (
			);
			dependencies = (
			);
			name = DataAndSegues;
			productName = DataAndSegues;
			productReference = CBA9EF551C042D3800B4C0A5 /* DataAndSegues.app */;
			productType = "com.apple.product-type.application";
		};
/* End PBXNativeTarget section */

/* Begin PBXProject section */
		CBA9EF4D1C042D3800B4C0A5 /* Project object */ = {
			isa = PBXProject;
			attributes = {
				LastSwiftUpdateCheck = 0710;
				LastUpgradeCheck = 0710;
				ORGANIZATIONNAME = "Katie Kelleher";
				TargetAttributes = {
					CBA9EF541C042D3800B4C0A5 = {
						CreatedOnToolsVersion = 7.1;
						DevelopmentTeam = 99CJJ9SY9E;
					};
				};
			};
			buildConfigurationList = CBA9EF501C042D3800B4C0A5 /* Build configuration list for PBXProject "DataAndSegues" */;
			compatibilityVersion = "Xcode 3.2";
			developmentRegion = English;
			hasScannedForEncodings = 0;
			knownRegions = (
				en,
				Base,
			);
			mainGroup = CBA9EF4C1C042D3800B4C0A5;
			productRefGroup = CBA9EF561C042D3800B4C0A5 /* Products */;
			projectDirPath = "";
			projectRoot = "";
			targets = (
				CBA9EF541C042D3800B4C0A5 /* DataAndSegues */,
			);
		};
/* End PBXProject section */

/* Begin PBXResourcesBuildPhase section */
		CBA9EF531C042D3800B4C0A5 /* Resources */ = {
			isa = PBXResourcesBuildPhase;
			buildActionMask = 2147483647;
			files = (
				CBA9EF631C042D3800B4C0A5 /* LaunchScreen.storyboard in Resources */,
				CBA9EF601C042D3800B4C0A5 /* Assets.xcassets in Resources */,
				CBA9EF5E1C042D3800B4C0A5 /* Main.storyboard in Resources */,
			);
			runOnlyForDeploymentPostprocessing = 0;
		};
/* End PBXResourcesBuildPhase section */

/* Begin PBXSourcesBuildPhase section */
		CBA9EF511C042D3800B4C0A5 /* Sources */ = {
			isa = PBXSourcesBuildPhase;
			buildActionMask = 2147483647;
			files = (
				CBA9EF6D1C042D8900B4C0A5 /* GreenViewController.swift in Sources */,
				CBA9EF5B1C042D3800B4C0A5 /* ViewController.swift in Sources */,
				CBA9EF6B1C042D7B00B4C0A5 /* RedTableViewController.swift in Sources */,
				CBA9EF591C042D3800B4C0A5 /* AppDelegate.swift in Sources */,
			);
			runOnlyForDeploymentPostprocessing = 0;
		};
/* End PBXSourcesBuildPhase section */

/* Begin PBXVariantGroup section */
		CBA9EF5C1C042D3800B4C0A5 /* Main.storyboard */ = {
			isa = PBXVariantGroup;
			children = (
				CBA9EF5D1C042D3800B4C0A5 /* Base */,
			);
			name = Main.storyboard;
			sourceTree = "<group>";
		};
		CBA9EF611C042D3800B4C0A5 /* LaunchScreen.storyboard */ = {
			isa = PBXVariantGroup;
			children = (
				CBA9EF621C042D3800B4C0A5 /* Base */,
			);
			name = LaunchScreen.storyboard;
			sourceTree = "<group>";
		};
/* End PBXVariantGroup section */

/* Begin XCBuildConfiguration section */
		CBA9EF651C042D3800B4C0A5 /* Debug */ = {
			isa = XCBuildConfiguration;
			buildSettings = {
				ALWAYS_SEARCH_USER_PATHS = NO;
				CLANG_CXX_LANGUAGE_STANDARD = "gnu++0x";
				CLANG_CXX_LIBRARY = "libc++";
				CLANG_ENABLE_MODULES = YES;
				CLANG_ENABLE_OBJC_ARC = YES;
				CLANG_WARN_BOOL_CONVERSION = YES;
				CLANG_WARN_CONSTANT_CONVERSION = YES;
				CLANG_WARN_DIRECT_OBJC_ISA_USAGE = YES_ERROR;
				CLANG_WARN_EMPTY_BODY = YES;
				CLANG_WARN_ENUM_CONVERSION = YES;
				CLANG_WARN_INT_CONVERSION = YES;
				CLANG_WARN_OBJC_ROOT_CLASS = YES_ERROR;
				CLANG_WARN_UNREACHABLE_CODE = YES;
				CLANG_WARN__DUPLICATE_METHOD_MATCH = YES;
				"CODE_SIGN_IDENTITY[sdk=iphoneos*]" = "iPhone Developer";
				COPY_PHASE_STRIP = NO;
				DEBUG_INFORMATION_FORMAT = dwarf;
				ENABLE_STRICT_OBJC_MSGSEND = YES;
				ENABLE_TESTABILITY = YES;
				GCC_C_LANGUAGE_STANDARD = gnu99;
				GCC_DYNAMIC_NO_PIC = NO;
				GCC_NO_COMMON_BLOCKS = YES;
				GCC_OPTIMIZATION_LEVEL = 0;
				GCC_PREPROCESSOR_DEFINITIONS = (
					"DEBUG=1",
					"$(inherited)",
				);
				GCC_WARN_64_TO_32_BIT_CONVERSION = YES;
				GCC_WARN_ABOUT_RETURN_TYPE = YES_ERROR;
				GCC_WARN_UNDECLARED_SELECTOR = YES;
				GCC_WARN_UNINITIALIZED_AUTOS = YES_AGGRESSIVE;
				GCC_WARN_UNUSED_FUNCTION = YES;
				GCC_WARN_UNUSED_VARIABLE = YES;
				IPHONEOS_DEPLOYMENT_TARGET = 9.1;
				MTL_ENABLE_DEBUG_INFO = YES;
				ONLY_ACTIVE_ARCH = YES;
				SDKROOT = iphoneos;
				SWIFT_OPTIMIZATION_LEVEL = "-Onone";
			};
			name = Debug;
		};
		CBA9EF661C042D3800B4C0A5 /* Release */ = {
			isa = XCBuildConfiguration;
			buildSettings = {
				ALWAYS_SEARCH_USER_PATHS = NO;
				CLANG_CXX_LANGUAGE_STANDARD = "gnu++0x";
				CLANG_CXX_LIBRARY = "libc++";
				CLANG_ENABLE_MODULES = YES;
				CLANG_ENABLE_OBJC_ARC = YES;
				CLANG_WARN_BOOL_CONVERSION = YES;
				CLANG_WARN_CONSTANT_CONVERSION = YES;
				CLANG_WARN_DIRECT_OBJC_ISA_USAGE = YES_ERROR;
				CLANG_WARN_EMPTY_BODY = YES;
				CLANG_WARN_ENUM_CONVERSION = YES;
				CLANG_WARN_INT_CONVERSION = YES;
				CLANG_WARN_OBJC_ROOT_CLASS = YES_ERROR;
				CLANG_WARN_UNREACHABLE_CODE = YES;
				CLANG_WARN__DUPLICATE_METHOD_MATCH = YES;
				"CODE_SIGN_IDENTITY[sdk=iphoneos*]" = "iPhone Developer";
				COPY_PHASE_STRIP = NO;
				DEBUG_INFORMATION_FORMAT = "dwarf-with-dsym";
				ENABLE_NS_ASSERTIONS = NO;
				ENABLE_STRICT_OBJC_MSGSEND = YES;
				GCC_C_LANGUAGE_STANDARD = gnu99;
				GCC_NO_COMMON_BLOCKS = YES;
				GCC_WARN_64_TO_32_BIT_CONVERSION = YES;
				GCC_WARN_ABOUT_RETURN_TYPE = YES_ERROR;
				GCC_WARN_UNDECLARED_SELECTOR = YES;
				GCC_WARN_UNINITIALIZED_AUTOS = YES_AGGRESSIVE;
				GCC_WARN_UNUSED_FUNCTION = YES;
				GCC_WARN_UNUSED_VARIABLE = YES;
				IPHONEOS_DEPLOYMENT_TARGET = 9.1;
				MTL_ENABLE_DEBUG_INFO = NO;
				SDKROOT = iphoneos;
				VALIDATE_PRODUCT = YES;
			};
			name = Release;
		};
		CBA9EF681C042D3800B4C0A5 /* Debug */ = {
			isa = XCBuildConfiguration;
			buildSettings = {
				ASSETCATALOG_COMPILER_APPICON_NAME = AppIcon;
				INFOPLIST_FILE = DataAndSegues/Info.plist;
				LD_RUNPATH_SEARCH_PATHS = "$(inherited) @executable_path/Frameworks";
				PRODUCT_BUNDLE_IDENTIFIER = rocks.kelleher.DataAndSegues;
				PRODUCT_NAME = "$(TARGET_NAME)";
			};
			name = Debug;
		};
		CBA9EF691C042D3800B4C0A5 /* Release */ = {
			isa = XCBuildConfiguration;
			buildSettings = {
				ASSETCATALOG_COMPILER_APPICON_NAME = AppIcon;
				INFOPLIST_FILE = DataAndSegues/Info.plist;
				LD_RUNPATH_SEARCH_PATHS = "$(inherited) @executable_path/Frameworks";
				PRODUCT_BUNDLE_IDENTIFIER = rocks.kelleher.DataAndSegues;
				PRODUCT_NAME = "$(TARGET_NAME)";
			};
			name = Release;
		};
/* End XCBuildConfiguration section */

/* Begin XCConfigurationList section */
		CBA9EF501C042D3800B4C0A5 /* Build configuration list for PBXProject "DataAndSegues" */ = {
			isa = XCConfigurationList;
			buildConfigurations = (
				CBA9EF651C042D3800B4C0A5 /* Debug */,
				CBA9EF661C042D3800B4C0A5 /* Release */,
			);
			defaultConfigurationIsVisible = 0;
			defaultConfigurationName = Release;
		};
		CBA9EF671C042D3800B4C0A5 /* Build configuration list for PBXNativeTarget "DataAndSegues" */ = {
			isa = XCConfigurationList;
			buildConfigurations = (
				CBA9EF681C042D3800B4C0A5 /* Debug */,
				CBA9EF691C042D3800B4C0A5 /* Release */,
			);
			defaultConfigurationIsVisible = 0;
		};
/* End XCConfigurationList section */
	};
	rootObject = CBA9EF4D1C042D3800B4C0A5 /* Project object */;
}
