// !$*UTF8*$!
{
	archiveVersion = 1;
	classes = {
	};
	objectVersion = 46;
	objects = {

/* Begin PBXBuildFile section */
		CB2272BE1C169A93002B9A70 /* AppDelegate.swift in Sources */ = {isa = PBXBuildFile; fileRef = CB2272BD1C169A93002B9A70 /* AppDelegate.swift */; };
		CB2272C01C169A93002B9A70 /* ViewController.swift in Sources */ = {isa = PBXBuildFile; fileRef = CB2272BF1C169A93002B9A70 /* ViewController.swift */; };
		CB2272C31C169A93002B9A70 /* Main.storyboard in Resources */ = {isa = PBXBuildFile; fileRef = CB2272C11C169A93002B9A70 /* Main.storyboard */; };
		CB2272C51C169A93002B9A70 /* Assets.xcassets in Resources */ = {isa = PBXBuildFile; fileRef = CB2272C41C169A93002B9A70 /* Assets.xcassets */; };
		CB2272C81C169A93002B9A70 /* LaunchScreen.storyboard in Resources */ = {isa = PBXBuildFile; fileRef = CB2272C61C169A93002B9A70 /* LaunchScreen.storyboard */; };
		CB2272D01C169AA8002B9A70 /* RobotViewController.swift in Sources */ = {isa = PBXBuildFile; fileRef = CB2272CF1C169AA8002B9A70 /* RobotViewController.swift */; };
/* End PBXBuildFile section */

/* Begin PBXFileReference section */
		CB2272BA1C169A93002B9A70 /* RobotInCode.app */ = {isa = PBXFileReference; explicitFileType = wrapper.application; includeInIndex = 0; path = RobotInCode.app; sourceTree = BUILT_PRODUCTS_DIR; };
		CB2272BD1C169A93002B9A70 /* AppDelegate.swift */ = {isa = PBXFileReference; lastKnownFileType = sourcecode.swift; path = AppDelegate.swift; sourceTree = "<group>"; };
		CB2272BF1C169A93002B9A70 /* ViewController.swift */ = {isa = PBXFileReference; lastKnownFileType = sourcecode.swift; path = ViewController.swift; sourceTree = "<group>"; };
		CB2272C21C169A93002B9A70 /* Base */ = {isa = PBXFileReference; lastKnownFileType = file.storyboard; name = Base; path = Base.lproj/Main.storyboard; sourceTree = "<group>"; };
		CB2272C41C169A93002B9A70 /* Assets.xcassets */ = {isa = PBXFileReference; lastKnownFileType = folder.assetcatalog; path = Assets.xcassets; sourceTree = "<group>"; };
		CB2272C71C169A93002B9A70 /* Base */ = {isa = PBXFileReference; lastKnownFileType = file.storyboard; name = Base; path = Base.lproj/LaunchScreen.storyboard; sourceTree = "<group>"; };
		CB2272C91C169A93002B9A70 /* Info.plist */ = {isa = PBXFileReference; lastKnownFileType = text.plist.xml; path = Info.plist; sourceTree = "<group>"; };
		CB2272CF1C169AA8002B9A70 /* RobotViewController.swift */ = {isa = PBXFileReference; fileEncoding = 4; lastKnownFileType = sourcecode.swift; path = RobotViewController.swift; sourceTree = "<group>"; };
/* End PBXFileReference section */

/* Begin PBXFrameworksBuildPhase section */
		CB2272B71C169A93002B9A70 /* Frameworks */ = {
			isa = PBXFrameworksBuildPhase;
			buildActionMask = 2147483647;
			files = (
			);
			runOnlyForDeploymentPostprocessing = 0;
		};
/* End PBXFrameworksBuildPhase section */

/* Begin PBXGroup section */
		CB2272B11C169A93002B9A70 = {
			isa = PBXGroup;
			children = (
				CB2272CF1C169AA8002B9A70 /* RobotViewController.swift */,
				CB2272BC1C169A93002B9A70 /* RobotInCode */,
				CB2272BB1C169A93002B9A70 /* Products */,
			);
			sourceTree = "<group>";
		};
		CB2272BB1C169A93002B9A70 /* Products */ = {
			isa = PBXGroup;
			children = (
				CB2272BA1C169A93002B9A70 /* RobotInCode.app */,
			);
			name = Products;
			sourceTree = "<group>";
		};
		CB2272BC1C169A93002B9A70 /* RobotInCode */ = {
			isa = PBXGroup;
			children = (
				CB2272BD1C169A93002B9A70 /* AppDelegate.swift */,
				CB2272BF1C169A93002B9A70 /* ViewController.swift */,
				CB2272C11C169A93002B9A70 /* Main.storyboard */,
				CB2272C41C169A93002B9A70 /* Assets.xcassets */,
				CB2272C61C169A93002B9A70 /* LaunchScreen.storyboard */,
				CB2272C91C169A93002B9A70 /* Info.plist */,
			);
			path = RobotInCode;
			sourceTree = "<group>";
		};
/* End PBXGroup section */

/* Begin PBXNativeTarget section */
		CB2272B91C169A93002B9A70 /* RobotInCode */ = {
			isa = PBXNativeTarget;
			buildConfigurationList = CB2272CC1C169A93002B9A70 /* Build configuration list for PBXNativeTarget "RobotInCode" */;
			buildPhases = (
				CB2272B61C169A93002B9A70 /* Sources */,
				CB2272B71C169A93002B9A70 /* Frameworks */,
				CB2272B81C169A93002B9A70 /* Resources */,
			);
			buildRules = (
			);
			dependencies = (
			);
			name = RobotInCode;
			productName = RobotInCode;
			productReference = CB2272BA1C169A93002B9A70 /* RobotInCode.app */;
			productType = "com.apple.product-type.application";
		};
/* End PBXNativeTarget section */

/* Begin PBXProject section */
		CB2272B21C169A93002B9A70 /* Project object */ = {
			isa = PBXProject;
			attributes = {
				LastSwiftUpdateCheck = 0710;
				LastUpgradeCheck = 0710;
				ORGANIZATIONNAME = "Katie Kelleher";
				TargetAttributes = {
					CB2272B91C169A93002B9A70 = {
						CreatedOnToolsVersion = 7.1;
						DevelopmentTeam = 99CJJ9SY9E;
					};
				};
			};
			buildConfigurationList = CB2272B51C169A93002B9A70 /* Build configuration list for PBXProject "RobotInCode" */;
			compatibilityVersion = "Xcode 3.2";
			developmentRegion = English;
			hasScannedForEncodings = 0;
			knownRegions = (
				en,
				Base,
			);
			mainGroup = CB2272B11C169A93002B9A70;
			productRefGroup = CB2272BB1C169A93002B9A70 /* Products */;
			projectDirPath = "";
			projectRoot = "";
			targets = (
				CB2272B91C169A93002B9A70 /* RobotInCode */,
			);
		};
/* End PBXProject section */

/* Begin PBXResourcesBuildPhase section */
		CB2272B81C169A93002B9A70 /* Resources */ = {
			isa = PBXResourcesBuildPhase;
			buildActionMask = 2147483647;
			files = (
				CB2272C81C169A93002B9A70 /* LaunchScreen.storyboard in Resources */,
				CB2272C51C169A93002B9A70 /* Assets.xcassets in Resources */,
				CB2272C31C169A93002B9A70 /* Main.storyboard in Resources */,
			);
			runOnlyForDeploymentPostprocessing = 0;
		};
/* End PBXResourcesBuildPhase section */

/* Begin PBXSourcesBuildPhase section */
		CB2272B61C169A93002B9A70 /* Sources */ = {
			isa = PBXSourcesBuildPhase;
			buildActionMask = 2147483647;
			files = (
				CB2272C01C169A93002B9A70 /* ViewController.swift in Sources */,
				CB2272D01C169AA8002B9A70 /* RobotViewController.swift in Sources */,
				CB2272BE1C169A93002B9A70 /* AppDelegate.swift in Sources */,
			);
			runOnlyForDeploymentPostprocessing = 0;
		};
/* End PBXSourcesBuildPhase section */

/* Begin PBXVariantGroup section */
		CB2272C11C169A93002B9A70 /* Main.storyboard */ = {
			isa = PBXVariantGroup;
			children = (
				CB2272C21C169A93002B9A70 /* Base */,
			);
			name = Main.storyboard;
			sourceTree = "<group>";
		};
		CB2272C61C169A93002B9A70 /* LaunchScreen.storyboard */ = {
			isa = PBXVariantGroup;
			children = (
				CB2272C71C169A93002B9A70 /* Base */,
			);
			name = LaunchScreen.storyboard;
			sourceTree = "<group>";
		};
/* End PBXVariantGroup section */

/* Begin XCBuildConfiguration section */
		CB2272CA1C169A93002B9A70 /* Debug */ = {
			isa = XCBuildConfiguration;
			buildSettings = {
				ALWAYS_SEARCH_USER_PATHS = NO;
				CLANG_CXX_LANGUAGE_STANDARD = "gnu++0x";
				CLANG_CXX_LIBRARY = "libc++";
				CLANG_ENABLE_MODULES = YES;
				CLANG_ENABLE_OBJC_ARC = YES;
				CLANG_WARN_BOOL_CONVERSION = YES;
				CLANG_WARN_CONSTANT_CONVERSION = YES;
				CLANG_WARN_DIRECT_OBJC_ISA_USAGE = YES_ERROR;
				CLANG_WARN_EMPTY_BODY = YES;
				CLANG_WARN_ENUM_CONVERSION = YES;
				CLANG_WARN_INT_CONVERSION = YES;
				CLANG_WARN_OBJC_ROOT_CLASS = YES_ERROR;
				CLANG_WARN_UNREACHABLE_CODE = YES;
				CLANG_WARN__DUPLICATE_METHOD_MATCH = YES;
				"CODE_SIGN_IDENTITY[sdk=iphoneos*]" = "iPhone Developer";
				COPY_PHASE_STRIP = NO;
				DEBUG_INFORMATION_FORMAT = dwarf;
				ENABLE_STRICT_OBJC_MSGSEND = YES;
				ENABLE_TESTABILITY = YES;
				GCC_C_LANGUAGE_STANDARD = gnu99;
				GCC_DYNAMIC_NO_PIC = NO;
				GCC_NO_COMMON_BLOCKS = YES;
				GCC_OPTIMIZATION_LEVEL = 0;
				GCC_PREPROCESSOR_DEFINITIONS = (
					"DEBUG=1",
					"$(inherited)",
				);
				GCC_WARN_64_TO_32_BIT_CONVERSION = YES;
				GCC_WARN_ABOUT_RETURN_TYPE = YES_ERROR;
				GCC_WARN_UNDECLARED_SELECTOR = YES;
				GCC_WARN_UNINITIALIZED_AUTOS = YES_AGGRESSIVE;
				GCC_WARN_UNUSED_FUNCTION = YES;
				GCC_WARN_UNUSED_VARIABLE = YES;
				IPHONEOS_DEPLOYMENT_TARGET = 9.1;
				MTL_ENABLE_DEBUG_INFO = YES;
				ONLY_ACTIVE_ARCH = YES;
				SDKROOT = iphoneos;
				SWIFT_OPTIMIZATION_LEVEL = "-Onone";
			};
			name = Debug;
		};
		CB2272CB1C169A93002B9A70 /* Release */ = {
			isa = XCBuildConfiguration;
			buildSettings = {
				ALWAYS_SEARCH_USER_PATHS = NO;
				CLANG_CXX_LANGUAGE_STANDARD = "gnu++0x";
				CLANG_CXX_LIBRARY = "libc++";
				CLANG_ENABLE_MODULES = YES;
				CLANG_ENABLE_OBJC_ARC = YES;
				CLANG_WARN_BOOL_CONVERSION = YES;
				CLANG_WARN_CONSTANT_CONVERSION = YES;
				CLANG_WARN_DIRECT_OBJC_ISA_USAGE = YES_ERROR;
				CLANG_WARN_EMPTY_BODY = YES;
				CLANG_WARN_ENUM_CONVERSION = YES;
				CLANG_WARN_INT_CONVERSION = YES;
				CLANG_WARN_OBJC_ROOT_CLASS = YES_ERROR;
				CLANG_WARN_UNREACHABLE_CODE = YES;
				CLANG_WARN__DUPLICATE_METHOD_MATCH = YES;
				"CODE_SIGN_IDENTITY[sdk=iphoneos*]" = "iPhone Developer";
				COPY_PHASE_STRIP = NO;
				DEBUG_INFORMATION_FORMAT = "dwarf-with-dsym";
				ENABLE_NS_ASSERTIONS = NO;
				ENABLE_STRICT_OBJC_MSGSEND = YES;
				GCC_C_LANGUAGE_STANDARD = gnu99;
				GCC_NO_COMMON_BLOCKS = YES;
				GCC_WARN_64_TO_32_BIT_CONVERSION = YES;
				GCC_WARN_ABOUT_RETURN_TYPE = YES_ERROR;
				GCC_WARN_UNDECLARED_SELECTOR = YES;
				GCC_WARN_UNINITIALIZED_AUTOS = YES_AGGRESSIVE;
				GCC_WARN_UNUSED_FUNCTION = YES;
				GCC_WARN_UNUSED_VARIABLE = YES;
				IPHONEOS_DEPLOYMENT_TARGET = 9.1;
				MTL_ENABLE_DEBUG_INFO = NO;
				SDKROOT = iphoneos;
				VALIDATE_PRODUCT = YES;
			};
			name = Release;
		};
		CB2272CD1C169A93002B9A70 /* Debug */ = {
			isa = XCBuildConfiguration;
			buildSettings = {
				ASSETCATALOG_COMPILER_APPICON_NAME = AppIcon;
				INFOPLIST_FILE = RobotInCode/Info.plist;
				LD_RUNPATH_SEARCH_PATHS = "$(inherited) @executable_path/Frameworks";
				PRODUCT_BUNDLE_IDENTIFIER = rocks.kelleher.RobotInCode;
				PRODUCT_NAME = "$(TARGET_NAME)";
			};
			name = Debug;
		};
		CB2272CE1C169A93002B9A70 /* Release */ = {
			isa = XCBuildConfiguration;
			buildSettings = {
				ASSETCATALOG_COMPILER_APPICON_NAME = AppIcon;
				INFOPLIST_FILE = RobotInCode/Info.plist;
				LD_RUNPATH_SEARCH_PATHS = "$(inherited) @executable_path/Frameworks";
				PRODUCT_BUNDLE_IDENTIFIER = rocks.kelleher.RobotInCode;
				PRODUCT_NAME = "$(TARGET_NAME)";
			};
			name = Release;
		};
/* End XCBuildConfiguration section */

/* Begin XCConfigurationList section */
		CB2272B51C169A93002B9A70 /* Build configuration list for PBXProject "RobotInCode" */ = {
			isa = XCConfigurationList;
			buildConfigurations = (
				CB2272CA1C169A93002B9A70 /* Debug */,
				CB2272CB1C169A93002B9A70 /* Release */,
			);
			defaultConfigurationIsVisible = 0;
			defaultConfigurationName = Release;
		};
		CB2272CC1C169A93002B9A70 /* Build configuration list for PBXNativeTarget "RobotInCode" */ = {
			isa = XCConfigurationList;
			buildConfigurations = (
				CB2272CD1C169A93002B9A70 /* Debug */,
				CB2272CE1C169A93002B9A70 /* Release */,
			);
			defaultConfigurationIsVisible = 0;
		};
/* End XCConfigurationList section */
	};
	rootObject = CB2272B21C169A93002B9A70 /* Project object */;
}
