// !$*UTF8*$!
{
	archiveVersion = 1;
	classes = {
	};
	objectVersion = 46;
	objects = {

/* Begin PBXBuildFile section */
		CB6E57431BFADE0800E9B680 /* AppDelegate.swift in Sources */ = {isa = PBXBuildFile; fileRef = CB6E57421BFADE0800E9B680 /* AppDelegate.swift */; };
		CB6E57451BFADE0800E9B680 /* ViewController.swift in Sources */ = {isa = PBXBuildFile; fileRef = CB6E57441BFADE0800E9B680 /* ViewController.swift */; };
		CB6E57481BFADE0800E9B680 /* Main.storyboard in Resources */ = {isa = PBXBuildFile; fileRef = CB6E57461BFADE0800E9B680 /* Main.storyboard */; };
		CB6E574A1BFADE0800E9B680 /* Assets.xcassets in Resources */ = {isa = PBXBuildFile; fileRef = CB6E57491BFADE0800E9B680 /* Assets.xcassets */; };
		CB6E574D1BFADE0800E9B680 /* LaunchScreen.storyboard in Resources */ = {isa = PBXBuildFile; fileRef = CB6E574B1BFADE0800E9B680 /* LaunchScreen.storyboard */; };
		CB9605351BFAE0B200C1E3B1 /* Animal.swift in Sources */ = {isa = PBXBuildFile; fileRef = CB9605341BFAE0B200C1E3B1 /* Animal.swift */; };
		CB9605371BFAEFE500C1E3B1 /* MyModalViewController.swift in Sources */ = {isa = PBXBuildFile; fileRef = CB9605361BFAEFE500C1E3B1 /* MyModalViewController.swift */; };
		CB9605391BFAF3E900C1E3B1 /* GestureViewController.swift in Sources */ = {isa = PBXBuildFile; fileRef = CB9605381BFAF3E900C1E3B1 /* GestureViewController.swift */; };
/* End PBXBuildFile section */

/* Begin PBXFileReference section */
		CB6E573F1BFADE0800E9B680 /* Animals.app */ = {isa = PBXFileReference; explicitFileType = wrapper.application; includeInIndex = 0; path = Animals.app; sourceTree = BUILT_PRODUCTS_DIR; };
		CB6E57421BFADE0800E9B680 /* AppDelegate.swift */ = {isa = PBXFileReference; lastKnownFileType = sourcecode.swift; path = AppDelegate.swift; sourceTree = "<group>"; };
		CB6E57441BFADE0800E9B680 /* ViewController.swift */ = {isa = PBXFileReference; lastKnownFileType = sourcecode.swift; path = ViewController.swift; sourceTree = "<group>"; };
		CB6E57471BFADE0800E9B680 /* Base */ = {isa = PBXFileReference; lastKnownFileType = file.storyboard; name = Base; path = Base.lproj/Main.storyboard; sourceTree = "<group>"; };
		CB6E57491BFADE0800E9B680 /* Assets.xcassets */ = {isa = PBXFileReference; lastKnownFileType = folder.assetcatalog; path = Assets.xcassets; sourceTree = "<group>"; };
		CB6E574C1BFADE0800E9B680 /* Base */ = {isa = PBXFileReference; lastKnownFileType = file.storyboard; name = Base; path = Base.lproj/LaunchScreen.storyboard; sourceTree = "<group>"; };
		CB6E574E1BFADE0800E9B680 /* Info.plist */ = {isa = PBXFileReference; lastKnownFileType = text.plist.xml; path = Info.plist; sourceTree = "<group>"; };
		CB9605341BFAE0B200C1E3B1 /* Animal.swift */ = {isa = PBXFileReference; fileEncoding = 4; lastKnownFileType = sourcecode.swift; path = Animal.swift; sourceTree = "<group>"; };
		CB9605361BFAEFE500C1E3B1 /* MyModalViewController.swift */ = {isa = PBXFileReference; fileEncoding = 4; lastKnownFileType = sourcecode.swift; path = MyModalViewController.swift; sourceTree = "<group>"; };
		CB9605381BFAF3E900C1E3B1 /* GestureViewController.swift */ = {isa = PBXFileReference; fileEncoding = 4; lastKnownFileType = sourcecode.swift; path = GestureViewController.swift; sourceTree = "<group>"; };
/* End PBXFileReference section */

/* Begin PBXFrameworksBuildPhase section */
		CB6E573C1BFADE0800E9B680 /* Frameworks */ = {
			isa = PBXFrameworksBuildPhase;
			buildActionMask = 2147483647;
			files = (
			);
			runOnlyForDeploymentPostprocessing = 0;
		};
/* End PBXFrameworksBuildPhase section */

/* Begin PBXGroup section */
		CB6E57361BFADE0800E9B680 = {
			isa = PBXGroup;
			children = (
				CB6E57411BFADE0800E9B680 /* Animals */,
				CB6E57401BFADE0800E9B680 /* Products */,
			);
			sourceTree = "<group>";
		};
		CB6E57401BFADE0800E9B680 /* Products */ = {
			isa = PBXGroup;
			children = (
				CB6E573F1BFADE0800E9B680 /* Animals.app */,
			);
			name = Products;
			sourceTree = "<group>";
		};
		CB6E57411BFADE0800E9B680 /* Animals */ = {
			isa = PBXGroup;
			children = (
				CB6E57421BFADE0800E9B680 /* AppDelegate.swift */,
				CB6E57441BFADE0800E9B680 /* ViewController.swift */,
				CB6E57461BFADE0800E9B680 /* Main.storyboard */,
				CB9605381BFAF3E900C1E3B1 /* GestureViewController.swift */,
				CB9605361BFAEFE500C1E3B1 /* MyModalViewController.swift */,
				CB9605341BFAE0B200C1E3B1 /* Animal.swift */,
				CB6E57491BFADE0800E9B680 /* Assets.xcassets */,
				CB6E574B1BFADE0800E9B680 /* LaunchScreen.storyboard */,
				CB6E574E1BFADE0800E9B680 /* Info.plist */,
			);
			path = Animals;
			sourceTree = "<group>";
		};
/* End PBXGroup section */

/* Begin PBXNativeTarget section */
		CB6E573E1BFADE0800E9B680 /* Animals */ = {
			isa = PBXNativeTarget;
			buildConfigurationList = CB6E57511BFADE0800E9B680 /* Build configuration list for PBXNativeTarget "Animals" */;
			buildPhases = (
				CB6E573B1BFADE0800E9B680 /* Sources */,
				CB6E573C1BFADE0800E9B680 /* Frameworks */,
				CB6E573D1BFADE0800E9B680 /* Resources */,
			);
			buildRules = (
			);
			dependencies = (
			);
			name = Animals;
			productName = Animals;
			productReference = CB6E573F1BFADE0800E9B680 /* Animals.app */;
			productType = "com.apple.product-type.application";
		};
/* End PBXNativeTarget section */

/* Begin PBXProject section */
		CB6E57371BFADE0800E9B680 /* Project object */ = {
			isa = PBXProject;
			attributes = {
				LastSwiftUpdateCheck = 0710;
				LastUpgradeCheck = 0710;
				ORGANIZATIONNAME = "Katie Kelleher";
				TargetAttributes = {
					CB6E573E1BFADE0800E9B680 = {
						CreatedOnToolsVersion = 7.1;
						DevelopmentTeam = 99CJJ9SY9E;
					};
				};
			};
			buildConfigurationList = CB6E573A1BFADE0800E9B680 /* Build configuration list for PBXProject "Animals" */;
			compatibilityVersion = "Xcode 3.2";
			developmentRegion = English;
			hasScannedForEncodings = 0;
			knownRegions = (
				en,
				Base,
			);
			mainGroup = CB6E57361BFADE0800E9B680;
			productRefGroup = CB6E57401BFADE0800E9B680 /* Products */;
			projectDirPath = "";
			projectRoot = "";
			targets = (
				CB6E573E1BFADE0800E9B680 /* Animals */,
			);
		};
/* End PBXProject section */

/* Begin PBXResourcesBuildPhase section */
		CB6E573D1BFADE0800E9B680 /* Resources */ = {
			isa = PBXResourcesBuildPhase;
			buildActionMask = 2147483647;
			files = (
				CB6E574D1BFADE0800E9B680 /* LaunchScreen.storyboard in Resources */,
				CB6E574A1BFADE0800E9B680 /* Assets.xcassets in Resources */,
				CB6E57481BFADE0800E9B680 /* Main.storyboard in Resources */,
			);
			runOnlyForDeploymentPostprocessing = 0;
		};
/* End PBXResourcesBuildPhase section */

/* Begin PBXSourcesBuildPhase section */
		CB6E573B1BFADE0800E9B680 /* Sources */ = {
			isa = PBXSourcesBuildPhase;
			buildActionMask = 2147483647;
			files = (
				CB9605371BFAEFE500C1E3B1 /* MyModalViewController.swift in Sources */,
				CB6E57451BFADE0800E9B680 /* ViewController.swift in Sources */,
				CB6E57431BFADE0800E9B680 /* AppDelegate.swift in Sources */,
				CB9605391BFAF3E900C1E3B1 /* GestureViewController.swift in Sources */,
				CB9605351BFAE0B200C1E3B1 /* Animal.swift in Sources */,
			);
			runOnlyForDeploymentPostprocessing = 0;
		};
/* End PBXSourcesBuildPhase section */

/* Begin PBXVariantGroup section */
		CB6E57461BFADE0800E9B680 /* Main.storyboard */ = {
			isa = PBXVariantGroup;
			children = (
				CB6E57471BFADE0800E9B680 /* Base */,
			);
			name = Main.storyboard;
			sourceTree = "<group>";
		};
		CB6E574B1BFADE0800E9B680 /* LaunchScreen.storyboard */ = {
			isa = PBXVariantGroup;
			children = (
				CB6E574C1BFADE0800E9B680 /* Base */,
			);
			name = LaunchScreen.storyboard;
			sourceTree = "<group>";
		};
/* End PBXVariantGroup section */

/* Begin XCBuildConfiguration section */
		CB6E574F1BFADE0800E9B680 /* Debug */ = {
			isa = XCBuildConfiguration;
			buildSettings = {
				ALWAYS_SEARCH_USER_PATHS = NO;
				CLANG_CXX_LANGUAGE_STANDARD = "gnu++0x";
				CLANG_CXX_LIBRARY = "libc++";
				CLANG_ENABLE_MODULES = YES;
				CLANG_ENABLE_OBJC_ARC = YES;
				CLANG_WARN_BOOL_CONVERSION = YES;
				CLANG_WARN_CONSTANT_CONVERSION = YES;
				CLANG_WARN_DIRECT_OBJC_ISA_USAGE = YES_ERROR;
				CLANG_WARN_EMPTY_BODY = YES;
				CLANG_WARN_ENUM_CONVERSION = YES;
				CLANG_WARN_INT_CONVERSION = YES;
				CLANG_WARN_OBJC_ROOT_CLASS = YES_ERROR;
				CLANG_WARN_UNREACHABLE_CODE = YES;
				CLANG_WARN__DUPLICATE_METHOD_MATCH = YES;
				"CODE_SIGN_IDENTITY[sdk=iphoneos*]" = "iPhone Developer";
				COPY_PHASE_STRIP = NO;
				DEBUG_INFORMATION_FORMAT = dwarf;
				ENABLE_STRICT_OBJC_MSGSEND = YES;
				ENABLE_TESTABILITY = YES;
				GCC_C_LANGUAGE_STANDARD = gnu99;
				GCC_DYNAMIC_NO_PIC = NO;
				GCC_NO_COMMON_BLOCKS = YES;
				GCC_OPTIMIZATION_LEVEL = 0;
				GCC_PREPROCESSOR_DEFINITIONS = (
					"DEBUG=1",
					"$(inherited)",
				);
				GCC_WARN_64_TO_32_BIT_CONVERSION = YES;
				GCC_WARN_ABOUT_RETURN_TYPE = YES_ERROR;
				GCC_WARN_UNDECLARED_SELECTOR = YES;
				GCC_WARN_UNINITIALIZED_AUTOS = YES_AGGRESSIVE;
				GCC_WARN_UNUSED_FUNCTION = YES;
				GCC_WARN_UNUSED_VARIABLE = YES;
				IPHONEOS_DEPLOYMENT_TARGET = 9.1;
				MTL_ENABLE_DEBUG_INFO = YES;
				ONLY_ACTIVE_ARCH = YES;
				SDKROOT = iphoneos;
				SWIFT_OPTIMIZATION_LEVEL = "-Onone";
			};
			name = Debug;
		};
		CB6E57501BFADE0800E9B680 /* Release */ = {
			isa = XCBuildConfiguration;
			buildSettings = {
				ALWAYS_SEARCH_USER_PATHS = NO;
				CLANG_CXX_LANGUAGE_STANDARD = "gnu++0x";
				CLANG_CXX_LIBRARY = "libc++";
				CLANG_ENABLE_MODULES = YES;
				CLANG_ENABLE_OBJC_ARC = YES;
				CLANG_WARN_BOOL_CONVERSION = YES;
				CLANG_WARN_CONSTANT_CONVERSION = YES;
				CLANG_WARN_DIRECT_OBJC_ISA_USAGE = YES_ERROR;
				CLANG_WARN_EMPTY_BODY = YES;
				CLANG_WARN_ENUM_CONVERSION = YES;
				CLANG_WARN_INT_CONVERSION = YES;
				CLANG_WARN_OBJC_ROOT_CLASS = YES_ERROR;
				CLANG_WARN_UNREACHABLE_CODE = YES;
				CLANG_WARN__DUPLICATE_METHOD_MATCH = YES;
				"CODE_SIGN_IDENTITY[sdk=iphoneos*]" = "iPhone Developer";
				COPY_PHASE_STRIP = NO;
				DEBUG_INFORMATION_FORMAT = "dwarf-with-dsym";
				ENABLE_NS_ASSERTIONS = NO;
				ENABLE_STRICT_OBJC_MSGSEND = YES;
				GCC_C_LANGUAGE_STANDARD = gnu99;
				GCC_NO_COMMON_BLOCKS = YES;
				GCC_WARN_64_TO_32_BIT_CONVERSION = YES;
				GCC_WARN_ABOUT_RETURN_TYPE = YES_ERROR;
				GCC_WARN_UNDECLARED_SELECTOR = YES;
				GCC_WARN_UNINITIALIZED_AUTOS = YES_AGGRESSIVE;
				GCC_WARN_UNUSED_FUNCTION = YES;
				GCC_WARN_UNUSED_VARIABLE = YES;
				IPHONEOS_DEPLOYMENT_TARGET = 9.1;
				MTL_ENABLE_DEBUG_INFO = NO;
				SDKROOT = iphoneos;
				VALIDATE_PRODUCT = YES;
			};
			name = Release;
		};
		CB6E57521BFADE0800E9B680 /* Debug */ = {
			isa = XCBuildConfiguration;
			buildSettings = {
				ASSETCATALOG_COMPILER_APPICON_NAME = AppIcon;
				INFOPLIST_FILE = Animals/Info.plist;
				LD_RUNPATH_SEARCH_PATHS = "$(inherited) @executable_path/Frameworks";
				PRODUCT_BUNDLE_IDENTIFIER = rocks.kelleher.Animals;
				PRODUCT_NAME = "$(TARGET_NAME)";
			};
			name = Debug;
		};
		CB6E57531BFADE0800E9B680 /* Release */ = {
			isa = XCBuildConfiguration;
			buildSettings = {
				ASSETCATALOG_COMPILER_APPICON_NAME = AppIcon;
				INFOPLIST_FILE = Animals/Info.plist;
				LD_RUNPATH_SEARCH_PATHS = "$(inherited) @executable_path/Frameworks";
				PRODUCT_BUNDLE_IDENTIFIER = rocks.kelleher.Animals;
				PRODUCT_NAME = "$(TARGET_NAME)";
			};
			name = Release;
		};
/* End XCBuildConfiguration section */

/* Begin XCConfigurationList section */
		CB6E573A1BFADE0800E9B680 /* Build configuration list for PBXProject "Animals" */ = {
			isa = XCConfigurationList;
			buildConfigurations = (
				CB6E574F1BFADE0800E9B680 /* Debug */,
				CB6E57501BFADE0800E9B680 /* Release */,
			);
			defaultConfigurationIsVisible = 0;
			defaultConfigurationName = Release;
		};
		CB6E57511BFADE0800E9B680 /* Build configuration list for PBXNativeTarget "Animals" */ = {
			isa = XCConfigurationList;
			buildConfigurations = (
				CB6E57521BFADE0800E9B680 /* Debug */,
				CB6E57531BFADE0800E9B680 /* Release */,
			);
			defaultConfigurationIsVisible = 0;
			defaultConfigurationName = Release;
		};
/* End XCConfigurationList section */
	};
	rootObject = CB6E57371BFADE0800E9B680 /* Project object */;
}
